
Microsoft Visual Studio Solution File, Format Version 12.00
# Visual Studio 15
VisualStudioVersion = 15.0.28010.0
MinimumVisualStudioVersion = 10.0.40219.1
Project("{FAE04EC0-301F-11D3-BF4B-00C04F79EFBC}") = "Utilities", "Utilities\Utilities.csproj", "{58F0C4F3-D93F-4C23-AAEF-D3F48524C97D}"
EndProject
Project("{FAE04EC0-301F-11D3-BF4B-00C04F79EFBC}") = "Tests", "Tests\Tests.csproj", "{BE7E5524-5870-485F-B292-4A13842AC10F}"
EndProject
Project("{FAE04EC0-301F-11D3-BF4B-00C04F79EFBC}") = "WpfUtilities", "WpfUtilities\WpfUtilities.csproj", "{C1205320-87D9-4543-8E9D-57248A160E54}"
EndProject
Global
	GlobalSection(SolutionConfigurationPlatforms) = preSolution
		Debug|Any CPU = Debug|Any CPU
		Release|Any CPU = Release|Any CPU
	EndGlobalSection
	GlobalSection(ProjectConfigurationPlatforms) = postSolution
		{58F0C4F3-D93F-4C23-AAEF-D3F48524C97D}.Debug|Any CPU.ActiveCfg = Debug|Any CPU
		{58F0C4F3-D93F-4C23-AAEF-D3F48524C97D}.Debug|Any CPU.Build.0 = Debug|Any CPU
		{58F0C4F3-D93F-4C23-AAEF-D3F48524C97D}.Release|Any CPU.ActiveCfg = Release|Any CPU
		{58F0C4F3-D93F-4C23-AAEF-D3F48524C97D}.Release|Any CPU.Build.0 = Release|Any CPU
		{BE7E5524-5870-485F-B292-4A13842AC10F}.Debug|Any CPU.ActiveCfg = Debug|Any CPU
		{BE7E5524-5870-485F-B292-4A13842AC10F}.Debug|Any CPU.Build.0 = Debug|Any CPU
		{BE7E5524-5870-485F-B292-4A13842AC10F}.Release|Any CPU.ActiveCfg = Release|Any CPU
		{BE7E5524-5870-485F-B292-4A13842AC10F}.Release|Any CPU.Build.0 = Release|Any CPU
		{C1205320-87D9-4543-8E9D-57248A160E54}.Debug|Any CPU.ActiveCfg = Debug|Any CPU
		{C1205320-87D9-4543-8E9D-57248A160E54}.Debug|Any CPU.Build.0 = Debug|Any CPU
		{C1205320-87D9-4543-8E9D-57248A160E54}.Release|Any CPU.ActiveCfg = Release|Any CPU
		{C1205320-87D9-4543-8E9D-57248A160E54}.Release|Any CPU.Build.0 = Release|Any CPU
	EndGlobalSection
	GlobalSection(SolutionProperties) = preSolution
		HideSolutionNode = FALSE
	EndGlobalSection
	GlobalSection(ExtensibilityGlobals) = postSolution
		SolutionGuid = {F5831FBC-5BFE-4894-8D66-17E7EC108E50}
	EndGlobalSection
EndGlobal
